<?xml version="1.0" encoding="utf-8"?>
<Project ToolsVersion="4.0" xmlns="http://schemas.microsoft.com/developer/msbuild/2003">
  <ItemGroup>
    <Filter Include="Source Files">
      <UniqueIdentifier>{4FC737F1-C7A5-4376-A066-2A32D752A2FF}</UniqueIdentifier>
      <Extensions>cpp;c;cc;cxx;c++;cppm;ixx;def;odl;idl;hpj;bat;asm;asmx</Extensions>
    </Filter>
    <Filter Include="Header Files">
      <UniqueIdentifier>{93995380-89BD-4b04-88EB-625FBE52EBFB}</UniqueIdentifier>
      <Extensions>h;hh;hpp;hxx;h++;hm;inl;inc;ipp;xsd</Extensions>
    </Filter>
    <Filter Include="Resource Files">
      <UniqueIdentifier>{67DA6AB6-F800-4c08-8B7A-83BB121AAD01}</UniqueIdentifier>
      <Extensions>rc;ico;cur;bmp;dlg;rc2;rct;bin;rgs;gif;jpg;jpeg;jpe;resx;tiff;tif;png;wav;mfcribbon-ms</Extensions>
    </Filter>
    <Filter Include="Source Files\Shaders">
      <UniqueIdentifier>{41d5be9a-fe33-425c-9846-4070d3f41341}</UniqueIdentifier>
    </Filter>
    <Filter Include="Header Files\Namespaces">
      <UniqueIdentifier>{ab852961-d913-417d-b70e-6197ff38d9cb}</UniqueIdentifier>
    </Filter>
    <Filter Include="Header Files\Classes">
      <UniqueIdentifier>{ee298339-4699-49a0-a69b-d2add984129b}</UniqueIdentifier>
    </Filter>
  </ItemGroup>
  <ItemGroup>
    <None Include="Shaders\shader.frag">
      <Filter>Source Files\Shaders</Filter>
    </None>
    <None Include="Shaders\shader.vert">
      <Filter>Source Files\Shaders</Filter>
    </None>
  </ItemGroup>
  <ItemGroup>
    <ClInclude Include="Src\stb_image.h">
      <Filter>Header Files</Filter>
    </ClInclude>
    <ClInclude Include="Src\tiny_obj_loader.h">
      <Filter>Header Files</Filter>
    </ClInclude>
    <ClInclude Include="Src\VulkanRenderer.h">
      <Filter>Header Files</Filter>
    </ClInclude>
    <ClInclude Include="Src\Buffer.h">
      <Filter>Header Files\Namespaces</Filter>
    </ClInclude>
    <ClInclude Include="Src\CommandBuffer.h">
      <Filter>Header Files\Namespaces</Filter>
    </ClInclude>
    <ClInclude Include="Src\Image.h">
      <Filter>Header Files\Classes</Filter>
    </ClInclude>
    <ClInclude Include="Src\ImageView.h">
      <Filter>Header Files\Namespaces</Filter>
    </ClInclude>
    <ClInclude Include="Src\Model.h">
      <Filter>Header Files\Classes</Filter>
    </ClInclude>
    <ClInclude Include="Src\QueueFamily.h">
      <Filter>Header Files\Namespaces</Filter>
    </ClInclude>
    <ClInclude Include="Src\Texture.h">
      <Filter>Header Files\Classes</Filter>
    </ClInclude>
    <ClInclude Include="Src\Vertex.h">
      <Filter>Header Files\Classes</Filter>
    </ClInclude>
    <ClInclude Include="Src\Device.h">
      <Filter>Header Files\Namespaces</Filter>
    </ClInclude>
    <ClInclude Include="Src\SwapChain.h">
      <Filter>Header Files\Classes</Filter>
    </ClInclude>
    <ClInclude Include="Src\Camera.h">
      <Filter>Header Files\Classes</Filter>
    </ClInclude>
  </ItemGroup>
  <ItemGroup>
    <ClCompile Include="Src\Main.cpp">
      <Filter>Source Files</Filter>
    </ClCompile>
    <ClCompile Include="Src\stb_implementation.cpp">
      <Filter>Source Files</Filter>
    </ClCompile>
    <ClCompile Include="Src\tiny_obj_implementation.cpp">
      <Filter>Source Files</Filter>
    </ClCompile>
  </ItemGroup>
</Project>